
Microsoft Visual Studio Solution File, Format Version 12.00
# Visual Studio Version 17
VisualStudioVersion = 17.10.35027.167
MinimumVisualStudioVersion = 10.0.40219.1
Project("{9A19103F-16F7-4668-BE54-9A1E7A4F7556}") = "app.server", "app.server\app.server.csproj", "{21E04DE2-C9F0-4A95-99AB-BE1ED231B235}"
EndProject
Project("{54A90642-561A-4BB1-A94E-469ADEE60C69}") = "app.client", "app.client\app.client.esproj", "{D8E64625-2924-48D3-AC3B-FDC931373367}"
EndProject
Global
	GlobalSection(SolutionConfigurationPlatforms) = preSolution
		Debug|Any CPU = Debug|Any CPU
		Release|Any CPU = Release|Any CPU
	EndGlobalSection
	GlobalSection(ProjectConfigurationPlatforms) = postSolution
		{21E04DE2-C9F0-4A95-99AB-BE1ED231B235}.Debug|Any CPU.ActiveCfg = Debug|Any CPU
		{21E04DE2-C9F0-4A95-99AB-BE1ED231B235}.Debug|Any CPU.Build.0 = Debug|Any CPU
		{21E04DE2-C9F0-4A95-99AB-BE1ED231B235}.Release|Any CPU.ActiveCfg = Release|Any CPU
		{21E04DE2-C9F0-4A95-99AB-BE1ED231B235}.Release|Any CPU.Build.0 = Release|Any CPU
		{D8E64625-2924-48D3-AC3B-FDC931373367}.Debug|Any CPU.ActiveCfg = Debug|Any CPU
		{D8E64625-2924-48D3-AC3B-FDC931373367}.Debug|Any CPU.Build.0 = Debug|Any CPU
		{D8E64625-2924-48D3-AC3B-FDC931373367}.Debug|Any CPU.Deploy.0 = Debug|Any CPU
		{D8E64625-2924-48D3-AC3B-FDC931373367}.Release|Any CPU.ActiveCfg = Release|Any CPU
		{D8E64625-2924-48D3-AC3B-FDC931373367}.Release|Any CPU.Build.0 = Release|Any CPU
		{D8E64625-2924-48D3-AC3B-FDC931373367}.Release|Any CPU.Deploy.0 = Release|Any CPU
	EndGlobalSection
	GlobalSection(SolutionProperties) = preSolution
		HideSolutionNode = FALSE
	EndGlobalSection
	GlobalSection(ExtensibilityGlobals) = postSolution
		SolutionGuid = {2BBA75D7-EA71-496A-953B-C6CBF48AFC6F}
	EndGlobalSection
EndGlobal
